// !$*UTF8*$!
{
	archiveVersion = 1;
	classes = {
	};
	objectVersion = 56;
	objects = {

/* Begin PBXBuildFile section */
		C874D1CC2B0F52C300E3DD0F /* APIServices in Frameworks */ = {isa = PBXBuildFile; productRef = C874D1CB2B0F52C300E3DD0F /* APIServices */; };
		C874D1CE2B0F64AD00E3DD0F /* ContentView+ListGroupView.swift in Sources */ = {isa = PBXBuildFile; fileRef = C874D1CD2B0F64AD00E3DD0F /* ContentView+ListGroupView.swift */; };
		C8F187402B0F3A370064FA73 /* LabelledDataExplorerApp.swift in Sources */ = {isa = PBXBuildFile; fileRef = C8F1873F2B0F3A370064FA73 /* LabelledDataExplorerApp.swift */; };
		C8F187422B0F3A370064FA73 /* ContentView.swift in Sources */ = {isa = PBXBuildFile; fileRef = C8F187412B0F3A370064FA73 /* ContentView.swift */; };
		C8F187442B0F3A380064FA73 /* Assets.xcassets in Resources */ = {isa = PBXBuildFile; fileRef = C8F187432B0F3A380064FA73 /* Assets.xcassets */; };
		C8F187472B0F3A380064FA73 /* Preview Assets.xcassets in Resources */ = {isa = PBXBuildFile; fileRef = C8F187462B0F3A380064FA73 /* Preview Assets.xcassets */; };
		C8F187512B0F3A380064FA73 /* LabelledDataExplorerTests.swift in Sources */ = {isa = PBXBuildFile; fileRef = C8F187502B0F3A380064FA73 /* LabelledDataExplorerTests.swift */; };
		C8F1875B2B0F3A380064FA73 /* LabelledDataExplorerUITests.swift in Sources */ = {isa = PBXBuildFile; fileRef = C8F1875A2B0F3A380064FA73 /* LabelledDataExplorerUITests.swift */; };
		C8F1875D2B0F3A380064FA73 /* LabelledDataExplorerUITestsLaunchTests.swift in Sources */ = {isa = PBXBuildFile; fileRef = C8F1875C2B0F3A380064FA73 /* LabelledDataExplorerUITestsLaunchTests.swift */; };
		C8F187752B0F4E870064FA73 /* DesignSystem in Frameworks */ = {isa = PBXBuildFile; productRef = C8F187742B0F4E870064FA73 /* DesignSystem */; };
		C8F187772B0F51610064FA73 /* AppConstants.swift in Sources */ = {isa = PBXBuildFile; fileRef = C8F187762B0F51610064FA73 /* AppConstants.swift */; };
/* End PBXBuildFile section */

/* Begin PBXContainerItemProxy section */
		C8F1874D2B0F3A380064FA73 /* PBXContainerItemProxy */ = {
			isa = PBXContainerItemProxy;
			containerPortal = C8F187342B0F3A370064FA73 /* Project object */;
			proxyType = 1;
			remoteGlobalIDString = C8F1873B2B0F3A370064FA73;
			remoteInfo = LabelledDataExplorer;
		};
		C8F187572B0F3A380064FA73 /* PBXContainerItemProxy */ = {
			isa = PBXContainerItemProxy;
			containerPortal = C8F187342B0F3A370064FA73 /* Project object */;
			proxyType = 1;
			remoteGlobalIDString = C8F1873B2B0F3A370064FA73;
			remoteInfo = LabelledDataExplorer;
		};
/* End PBXContainerItemProxy section */

/* Begin PBXFileReference section */
		C874D1CD2B0F64AD00E3DD0F /* ContentView+ListGroupView.swift */ = {isa = PBXFileReference; lastKnownFileType = sourcecode.swift; path = "ContentView+ListGroupView.swift"; sourceTree = "<group>"; };
		C8F1873C2B0F3A370064FA73 /* LabelledDataExplorer.app */ = {isa = PBXFileReference; explicitFileType = wrapper.application; includeInIndex = 0; path = LabelledDataExplorer.app; sourceTree = BUILT_PRODUCTS_DIR; };
		C8F1873F2B0F3A370064FA73 /* LabelledDataExplorerApp.swift */ = {isa = PBXFileReference; lastKnownFileType = sourcecode.swift; path = LabelledDataExplorerApp.swift; sourceTree = "<group>"; };
		C8F187412B0F3A370064FA73 /* ContentView.swift */ = {isa = PBXFileReference; lastKnownFileType = sourcecode.swift; path = ContentView.swift; sourceTree = "<group>"; };
		C8F187432B0F3A380064FA73 /* Assets.xcassets */ = {isa = PBXFileReference; lastKnownFileType = folder.assetcatalog; path = Assets.xcassets; sourceTree = "<group>"; };
		C8F187462B0F3A380064FA73 /* Preview Assets.xcassets */ = {isa = PBXFileReference; lastKnownFileType = folder.assetcatalog; path = "Preview Assets.xcassets"; sourceTree = "<group>"; };
		C8F1874C2B0F3A380064FA73 /* LabelledDataExplorerTests.xctest */ = {isa = PBXFileReference; explicitFileType = wrapper.cfbundle; includeInIndex = 0; path = LabelledDataExplorerTests.xctest; sourceTree = BUILT_PRODUCTS_DIR; };
		C8F187502B0F3A380064FA73 /* LabelledDataExplorerTests.swift */ = {isa = PBXFileReference; lastKnownFileType = sourcecode.swift; path = LabelledDataExplorerTests.swift; sourceTree = "<group>"; };
		C8F187562B0F3A380064FA73 /* LabelledDataExplorerUITests.xctest */ = {isa = PBXFileReference; explicitFileType = wrapper.cfbundle; includeInIndex = 0; path = LabelledDataExplorerUITests.xctest; sourceTree = BUILT_PRODUCTS_DIR; };
		C8F1875A2B0F3A380064FA73 /* LabelledDataExplorerUITests.swift */ = {isa = PBXFileReference; lastKnownFileType = sourcecode.swift; path = LabelledDataExplorerUITests.swift; sourceTree = "<group>"; };
		C8F1875C2B0F3A380064FA73 /* LabelledDataExplorerUITestsLaunchTests.swift */ = {isa = PBXFileReference; lastKnownFileType = sourcecode.swift; path = LabelledDataExplorerUITestsLaunchTests.swift; sourceTree = "<group>"; };
		C8F1876B2B0F3BFC0064FA73 /* Networking */ = {isa = PBXFileReference; lastKnownFileType = wrapper; path = Networking; sourceTree = "<group>"; };
		C8F1876C2B0F400B0064FA73 /* APIServices */ = {isa = PBXFileReference; lastKnownFileType = wrapper; path = APIServices; sourceTree = "<group>"; };
		C8F1876D2B0F40630064FA73 /* README.md */ = {isa = PBXFileReference; lastKnownFileType = net.daringfireball.markdown; path = README.md; sourceTree = "<group>"; };
		C8F187712B0F4C610064FA73 /* TestPlan.xctestplan */ = {isa = PBXFileReference; lastKnownFileType = text; path = TestPlan.xctestplan; sourceTree = "<group>"; };
		C8F187722B0F4D1F0064FA73 /* DesignSystem */ = {isa = PBXFileReference; lastKnownFileType = wrapper; path = DesignSystem; sourceTree = "<group>"; };
		C8F187762B0F51610064FA73 /* AppConstants.swift */ = {isa = PBXFileReference; lastKnownFileType = sourcecode.swift; path = AppConstants.swift; sourceTree = "<group>"; };
/* End PBXFileReference section */

/* Begin PBXFrameworksBuildPhase section */
		C8F187392B0F3A370064FA73 /* Frameworks */ = {
			isa = PBXFrameworksBuildPhase;
			buildActionMask = 2147483647;
			files = (
				C8F187752B0F4E870064FA73 /* DesignSystem in Frameworks */,
				C874D1CC2B0F52C300E3DD0F /* APIServices in Frameworks */,
			);
			runOnlyForDeploymentPostprocessing = 0;
		};
		C8F187492B0F3A380064FA73 /* Frameworks */ = {
			isa = PBXFrameworksBuildPhase;
			buildActionMask = 2147483647;
			files = (
			);
			runOnlyForDeploymentPostprocessing = 0;
		};
		C8F187532B0F3A380064FA73 /* Frameworks */ = {
			isa = PBXFrameworksBuildPhase;
			buildActionMask = 2147483647;
			files = (
			);
			runOnlyForDeploymentPostprocessing = 0;
		};
/* End PBXFrameworksBuildPhase section */

/* Begin PBXGroup section */
		C874D1CF2B0F64CB00E3DD0F /* App */ = {
			isa = PBXGroup;
			children = (
				C8F187762B0F51610064FA73 /* AppConstants.swift */,
				C8F187432B0F3A380064FA73 /* Assets.xcassets */,
				C8F1873F2B0F3A370064FA73 /* LabelledDataExplorerApp.swift */,
			);
			path = App;
			sourceTree = "<group>";
		};
		C874D1D02B0F64E300E3DD0F /* List */ = {
			isa = PBXGroup;
			children = (
				C8F187412B0F3A370064FA73 /* ContentView.swift */,
				C874D1CD2B0F64AD00E3DD0F /* ContentView+ListGroupView.swift */,
			);
			path = List;
			sourceTree = "<group>";
		};
		C8F187332B0F3A370064FA73 = {
			isa = PBXGroup;
			children = (
				C8F1876D2B0F40630064FA73 /* README.md */,
				C8F1873E2B0F3A370064FA73 /* LabelledDataExplorer */,
				C8F1874F2B0F3A380064FA73 /* LabelledDataExplorerTests */,
				C8F187592B0F3A380064FA73 /* LabelledDataExplorerUITests */,
				C8F1876A2B0F3BC90064FA73 /* Packages */,
				C8F1873D2B0F3A370064FA73 /* Products */,
				C8F187732B0F4E870064FA73 /* Frameworks */,
			);
			sourceTree = "<group>";
		};
		C8F1873D2B0F3A370064FA73 /* Products */ = {
			isa = PBXGroup;
			children = (
				C8F1873C2B0F3A370064FA73 /* LabelledDataExplorer.app */,
				C8F1874C2B0F3A380064FA73 /* LabelledDataExplorerTests.xctest */,
				C8F187562B0F3A380064FA73 /* LabelledDataExplorerUITests.xctest */,
			);
			name = Products;
			sourceTree = "<group>";
		};
		C8F1873E2B0F3A370064FA73 /* LabelledDataExplorer */ = {
			isa = PBXGroup;
			children = (
				C874D1CF2B0F64CB00E3DD0F /* App */,
				C874D1D02B0F64E300E3DD0F /* List */,
				C8F187452B0F3A380064FA73 /* Preview Content */,
			);
			path = LabelledDataExplorer;
			sourceTree = "<group>";
		};
		C8F187452B0F3A380064FA73 /* Preview Content */ = {
			isa = PBXGroup;
			children = (
				C8F187462B0F3A380064FA73 /* Preview Assets.xcassets */,
			);
			path = "Preview Content";
			sourceTree = "<group>";
		};
		C8F1874F2B0F3A380064FA73 /* LabelledDataExplorerTests */ = {
			isa = PBXGroup;
			children = (
				C8F187502B0F3A380064FA73 /* LabelledDataExplorerTests.swift */,
				C8F187712B0F4C610064FA73 /* TestPlan.xctestplan */,
			);
			path = LabelledDataExplorerTests;
			sourceTree = "<group>";
		};
		C8F187592B0F3A380064FA73 /* LabelledDataExplorerUITests */ = {
			isa = PBXGroup;
			children = (
				C8F1875A2B0F3A380064FA73 /* LabelledDataExplorerUITests.swift */,
				C8F1875C2B0F3A380064FA73 /* LabelledDataExplorerUITestsLaunchTests.swift */,
			);
			path = LabelledDataExplorerUITests;
			sourceTree = "<group>";
		};
		C8F1876A2B0F3BC90064FA73 /* Packages */ = {
			isa = PBXGroup;
			children = (
				C8F1876C2B0F400B0064FA73 /* APIServices */,
				C8F187722B0F4D1F0064FA73 /* DesignSystem */,
				C8F1876B2B0F3BFC0064FA73 /* Networking */,
			);
			path = Packages;
			sourceTree = "<group>";
		};
		C8F187732B0F4E870064FA73 /* Frameworks */ = {
			isa = PBXGroup;
			children = (
			);
			name = Frameworks;
			sourceTree = "<group>";
		};
/* End PBXGroup section */

/* Begin PBXNativeTarget section */
		C8F1873B2B0F3A370064FA73 /* LabelledDataExplorer */ = {
			isa = PBXNativeTarget;
			buildConfigurationList = C8F187602B0F3A380064FA73 /* Build configuration list for PBXNativeTarget "LabelledDataExplorer" */;
			buildPhases = (
				C8F187382B0F3A370064FA73 /* Sources */,
				C8F187392B0F3A370064FA73 /* Frameworks */,
				C8F1873A2B0F3A370064FA73 /* Resources */,
			);
			buildRules = (
			);
			dependencies = (
			);
			name = LabelledDataExplorer;
			packageProductDependencies = (
				C8F187742B0F4E870064FA73 /* DesignSystem */,
				C874D1CB2B0F52C300E3DD0F /* APIServices */,
			);
			productName = LabelledDataExplorer;
			productReference = C8F1873C2B0F3A370064FA73 /* LabelledDataExplorer.app */;
			productType = "com.apple.product-type.application";
		};
		C8F1874B2B0F3A380064FA73 /* LabelledDataExplorerTests */ = {
			isa = PBXNativeTarget;
			buildConfigurationList = C8F187632B0F3A380064FA73 /* Build configuration list for PBXNativeTarget "LabelledDataExplorerTests" */;
			buildPhases = (
				C8F187482B0F3A380064FA73 /* Sources */,
				C8F187492B0F3A380064FA73 /* Frameworks */,
				C8F1874A2B0F3A380064FA73 /* Resources */,
			);
			buildRules = (
			);
			dependencies = (
				C8F1874E2B0F3A380064FA73 /* PBXTargetDependency */,
			);
			name = LabelledDataExplorerTests;
			productName = LabelledDataExplorerTests;
			productReference = C8F1874C2B0F3A380064FA73 /* LabelledDataExplorerTests.xctest */;
			productType = "com.apple.product-type.bundle.unit-test";
		};
		C8F187552B0F3A380064FA73 /* LabelledDataExplorerUITests */ = {
			isa = PBXNativeTarget;
			buildConfigurationList = C8F187662B0F3A380064FA73 /* Build configuration list for PBXNativeTarget "LabelledDataExplorerUITests" */;
			buildPhases = (
				C8F187522B0F3A380064FA73 /* Sources */,
				C8F187532B0F3A380064FA73 /* Frameworks */,
				C8F187542B0F3A380064FA73 /* Resources */,
			);
			buildRules = (
			);
			dependencies = (
				C8F187582B0F3A380064FA73 /* PBXTargetDependency */,
			);
			name = LabelledDataExplorerUITests;
			productName = LabelledDataExplorerUITests;
			productReference = C8F187562B0F3A380064FA73 /* LabelledDataExplorerUITests.xctest */;
			productType = "com.apple.product-type.bundle.ui-testing";
		};
/* End PBXNativeTarget section */

/* Begin PBXProject section */
		C8F187342B0F3A370064FA73 /* Project object */ = {
			isa = PBXProject;
			attributes = {
				BuildIndependentTargetsInParallel = 1;
				LastSwiftUpdateCheck = 1500;
				LastUpgradeCheck = 1500;
				TargetAttributes = {
					C8F1873B2B0F3A370064FA73 = {
						CreatedOnToolsVersion = 15.0.1;
					};
					C8F1874B2B0F3A380064FA73 = {
						CreatedOnToolsVersion = 15.0.1;
						TestTargetID = C8F1873B2B0F3A370064FA73;
					};
					C8F187552B0F3A380064FA73 = {
						CreatedOnToolsVersion = 15.0.1;
						TestTargetID = C8F1873B2B0F3A370064FA73;
					};
				};
			};
			buildConfigurationList = C8F187372B0F3A370064FA73 /* Build configuration list for PBXProject "LabelledDataExplorer" */;
			compatibilityVersion = "Xcode 14.0";
			developmentRegion = en;
			hasScannedForEncodings = 0;
			knownRegions = (
				en,
				Base,
			);
			mainGroup = C8F187332B0F3A370064FA73;
			productRefGroup = C8F1873D2B0F3A370064FA73 /* Products */;
			projectDirPath = "";
			projectRoot = "";
			targets = (
				C8F1873B2B0F3A370064FA73 /* LabelledDataExplorer */,
				C8F1874B2B0F3A380064FA73 /* LabelledDataExplorerTests */,
				C8F187552B0F3A380064FA73 /* LabelledDataExplorerUITests */,
			);
		};
/* End PBXProject section */

/* Begin PBXResourcesBuildPhase section */
		C8F1873A2B0F3A370064FA73 /* Resources */ = {
			isa = PBXResourcesBuildPhase;
			buildActionMask = 2147483647;
			files = (
				C8F187472B0F3A380064FA73 /* Preview Assets.xcassets in Resources */,
				C8F187442B0F3A380064FA73 /* Assets.xcassets in Resources */,
			);
			runOnlyForDeploymentPostprocessing = 0;
		};
		C8F1874A2B0F3A380064FA73 /* Resources */ = {
			isa = PBXResourcesBuildPhase;
			buildActionMask = 2147483647;
			files = (
			);
			runOnlyForDeploymentPostprocessing = 0;
		};
		C8F187542B0F3A380064FA73 /* Resources */ = {
			isa = PBXResourcesBuildPhase;
			buildActionMask = 2147483647;
			files = (
			);
			runOnlyForDeploymentPostprocessing = 0;
		};
/* End PBXResourcesBuildPhase section */

/* Begin PBXSourcesBuildPhase section */
		C8F187382B0F3A370064FA73 /* Sources */ = {
			isa = PBXSourcesBuildPhase;
			buildActionMask = 2147483647;
			files = (
				C8F187422B0F3A370064FA73 /* ContentView.swift in Sources */,
				C8F187772B0F51610064FA73 /* AppConstants.swift in Sources */,
				C8F187402B0F3A370064FA73 /* LabelledDataExplorerApp.swift in Sources */,
				C874D1CE2B0F64AD00E3DD0F /* ContentView+ListGroupView.swift in Sources */,
			);
			runOnlyForDeploymentPostprocessing = 0;
		};
		C8F187482B0F3A380064FA73 /* Sources */ = {
			isa = PBXSourcesBuildPhase;
			buildActionMask = 2147483647;
			files = (
				C8F187512B0F3A380064FA73 /* LabelledDataExplorerTests.swift in Sources */,
			);
			runOnlyForDeploymentPostprocessing = 0;
		};
		C8F187522B0F3A380064FA73 /* Sources */ = {
			isa = PBXSourcesBuildPhase;
			buildActionMask = 2147483647;
			files = (
				C8F1875D2B0F3A380064FA73 /* LabelledDataExplorerUITestsLaunchTests.swift in Sources */,
				C8F1875B2B0F3A380064FA73 /* LabelledDataExplorerUITests.swift in Sources */,
			);
			runOnlyForDeploymentPostprocessing = 0;
		};
/* End PBXSourcesBuildPhase section */

/* Begin PBXTargetDependency section */
		C8F1874E2B0F3A380064FA73 /* PBXTargetDependency */ = {
			isa = PBXTargetDependency;
			target = C8F1873B2B0F3A370064FA73 /* LabelledDataExplorer */;
			targetProxy = C8F1874D2B0F3A380064FA73 /* PBXContainerItemProxy */;
		};
		C8F187582B0F3A380064FA73 /* PBXTargetDependency */ = {
			isa = PBXTargetDependency;
			target = C8F1873B2B0F3A370064FA73 /* LabelledDataExplorer */;
			targetProxy = C8F187572B0F3A380064FA73 /* PBXContainerItemProxy */;
		};
/* End PBXTargetDependency section */

/* Begin XCBuildConfiguration section */
		C8F1875E2B0F3A380064FA73 /* Debug */ = {
			isa = XCBuildConfiguration;
			buildSettings = {
				ALWAYS_SEARCH_USER_PATHS = NO;
				ASSETCATALOG_COMPILER_GENERATE_SWIFT_ASSET_SYMBOL_EXTENSIONS = YES;
				CLANG_ANALYZER_NONNULL = YES;
				CLANG_ANALYZER_NUMBER_OBJECT_CONVERSION = YES_AGGRESSIVE;
				CLANG_CXX_LANGUAGE_STANDARD = "gnu++20";
				CLANG_ENABLE_MODULES = YES;
				CLANG_ENABLE_OBJC_ARC = YES;
				CLANG_ENABLE_OBJC_WEAK = YES;
				CLANG_WARN_BLOCK_CAPTURE_AUTORELEASING = YES;
				CLANG_WARN_BOOL_CONVERSION = YES;
				CLANG_WARN_COMMA = YES;
				CLANG_WARN_CONSTANT_CONVERSION = YES;
				CLANG_WARN_DEPRECATED_OBJC_IMPLEMENTATIONS = YES;
				CLANG_WARN_DIRECT_OBJC_ISA_USAGE = YES_ERROR;
				CLANG_WARN_DOCUMENTATION_COMMENTS = YES;
				CLANG_WARN_EMPTY_BODY = YES;
				CLANG_WARN_ENUM_CONVERSION = YES;
				CLANG_WARN_INFINITE_RECURSION = YES;
				CLANG_WARN_INT_CONVERSION = YES;
				CLANG_WARN_NON_LITERAL_NULL_CONVERSION = YES;
				CLANG_WARN_OBJC_IMPLICIT_RETAIN_SELF = YES;
				CLANG_WARN_OBJC_LITERAL_CONVERSION = YES;
				CLANG_WARN_OBJC_ROOT_CLASS = YES_ERROR;
				CLANG_WARN_QUOTED_INCLUDE_IN_FRAMEWORK_HEADER = YES;
				CLANG_WARN_RANGE_LOOP_ANALYSIS = YES;
				CLANG_WARN_STRICT_PROTOTYPES = YES;
				CLANG_WARN_SUSPICIOUS_MOVE = YES;
				CLANG_WARN_UNGUARDED_AVAILABILITY = YES_AGGRESSIVE;
				CLANG_WARN_UNREACHABLE_CODE = YES;
				CLANG_WARN__DUPLICATE_METHOD_MATCH = YES;
				COPY_PHASE_STRIP = NO;
				DEBUG_INFORMATION_FORMAT = dwarf;
				ENABLE_STRICT_OBJC_MSGSEND = YES;
				ENABLE_TESTABILITY = YES;
				ENABLE_USER_SCRIPT_SANDBOXING = YES;
				GCC_C_LANGUAGE_STANDARD = gnu17;
				GCC_DYNAMIC_NO_PIC = NO;
				GCC_NO_COMMON_BLOCKS = YES;
				GCC_OPTIMIZATION_LEVEL = 0;
				GCC_PREPROCESSOR_DEFINITIONS = (
					"DEBUG=1",
					"$(inherited)",
				);
				GCC_WARN_64_TO_32_BIT_CONVERSION = YES;
				GCC_WARN_ABOUT_RETURN_TYPE = YES_ERROR;
				GCC_WARN_UNDECLARED_SELECTOR = YES;
				GCC_WARN_UNINITIALIZED_AUTOS = YES_AGGRESSIVE;
				GCC_WARN_UNUSED_FUNCTION = YES;
				GCC_WARN_UNUSED_VARIABLE = YES;
				IPHONEOS_DEPLOYMENT_TARGET = 17.0;
				LOCALIZATION_PREFERS_STRING_CATALOGS = YES;
				MTL_ENABLE_DEBUG_INFO = INCLUDE_SOURCE;
				MTL_FAST_MATH = YES;
				ONLY_ACTIVE_ARCH = YES;
				SDKROOT = iphoneos;
				SWIFT_ACTIVE_COMPILATION_CONDITIONS = "DEBUG $(inherited)";
				SWIFT_OPTIMIZATION_LEVEL = "-Onone";
			};
			name = Debug;
		};
		C8F1875F2B0F3A380064FA73 /* Release */ = {
			isa = XCBuildConfiguration;
			buildSettings = {
				ALWAYS_SEARCH_USER_PATHS = NO;
				ASSETCATALOG_COMPILER_GENERATE_SWIFT_ASSET_SYMBOL_EXTENSIONS = YES;
				CLANG_ANALYZER_NONNULL = YES;
				CLANG_ANALYZER_NUMBER_OBJECT_CONVERSION = YES_AGGRESSIVE;
				CLANG_CXX_LANGUAGE_STANDARD = "gnu++20";
				CLANG_ENABLE_MODULES = YES;
				CLANG_ENABLE_OBJC_ARC = YES;
				CLANG_ENABLE_OBJC_WEAK = YES;
				CLANG_WARN_BLOCK_CAPTURE_AUTORELEASING = YES;
				CLANG_WARN_BOOL_CONVERSION = YES;
				CLANG_WARN_COMMA = YES;
				CLANG_WARN_CONSTANT_CONVERSION = YES;
				CLANG_WARN_DEPRECATED_OBJC_IMPLEMENTATIONS = YES;
				CLANG_WARN_DIRECT_OBJC_ISA_USAGE = YES_ERROR;
				CLANG_WARN_DOCUMENTATION_COMMENTS = YES;
				CLANG_WARN_EMPTY_BODY = YES;
				CLANG_WARN_ENUM_CONVERSION = YES;
				CLANG_WARN_INFINITE_RECURSION = YES;
				CLANG_WARN_INT_CONVERSION = YES;
				CLANG_WARN_NON_LITERAL_NULL_CONVERSION = YES;
				CLANG_WARN_OBJC_IMPLICIT_RETAIN_SELF = YES;
				CLANG_WARN_OBJC_LITERAL_CONVERSION = YES;
				CLANG_WARN_OBJC_ROOT_CLASS = YES_ERROR;
				CLANG_WARN_QUOTED_INCLUDE_IN_FRAMEWORK_HEADER = YES;
				CLANG_WARN_RANGE_LOOP_ANALYSIS = YES;
				CLANG_WARN_STRICT_PROTOTYPES = YES;
				CLANG_WARN_SUSPICIOUS_MOVE = YES;
				CLANG_WARN_UNGUARDED_AVAILABILITY = YES_AGGRESSIVE;
				CLANG_WARN_UNREACHABLE_CODE = YES;
				CLANG_WARN__DUPLICATE_METHOD_MATCH = YES;
				COPY_PHASE_STRIP = NO;
				DEBUG_INFORMATION_FORMAT = "dwarf-with-dsym";
				ENABLE_NS_ASSERTIONS = NO;
				ENABLE_STRICT_OBJC_MSGSEND = YES;
				ENABLE_USER_SCRIPT_SANDBOXING = YES;
				GCC_C_LANGUAGE_STANDARD = gnu17;
				GCC_NO_COMMON_BLOCKS = YES;
				GCC_WARN_64_TO_32_BIT_CONVERSION = YES;
				GCC_WARN_ABOUT_RETURN_TYPE = YES_ERROR;
				GCC_WARN_UNDECLARED_SELECTOR = YES;
				GCC_WARN_UNINITIALIZED_AUTOS = YES_AGGRESSIVE;
				GCC_WARN_UNUSED_FUNCTION = YES;
				GCC_WARN_UNUSED_VARIABLE = YES;
				IPHONEOS_DEPLOYMENT_TARGET = 17.0;
				LOCALIZATION_PREFERS_STRING_CATALOGS = YES;
				MTL_ENABLE_DEBUG_INFO = NO;
				MTL_FAST_MATH = YES;
				SDKROOT = iphoneos;
				SWIFT_COMPILATION_MODE = wholemodule;
				VALIDATE_PRODUCT = YES;
			};
			name = Release;
		};
		C8F187612B0F3A380064FA73 /* Debug */ = {
			isa = XCBuildConfiguration;
			buildSettings = {
				ASSETCATALOG_COMPILER_APPICON_NAME = AppIcon;
				ASSETCATALOG_COMPILER_GLOBAL_ACCENT_COLOR_NAME = AccentColor;
				CODE_SIGN_STYLE = Automatic;
				CURRENT_PROJECT_VERSION = 1;
				DEVELOPMENT_ASSET_PATHS = "\"LabelledDataExplorer/Preview Content\"";
				DEVELOPMENT_TEAM = XJPC47UM3W;
				ENABLE_PREVIEWS = YES;
				GENERATE_INFOPLIST_FILE = YES;
				INFOPLIST_KEY_UIApplicationSceneManifest_Generation = YES;
				INFOPLIST_KEY_UIApplicationSupportsIndirectInputEvents = YES;
				INFOPLIST_KEY_UILaunchScreen_Generation = YES;
				INFOPLIST_KEY_UISupportedInterfaceOrientations_iPad = "UIInterfaceOrientationPortrait UIInterfaceOrientationPortraitUpsideDown UIInterfaceOrientationLandscapeLeft UIInterfaceOrientationLandscapeRight";
				INFOPLIST_KEY_UISupportedInterfaceOrientations_iPhone = "UIInterfaceOrientationPortrait UIInterfaceOrientationLandscapeLeft UIInterfaceOrientationLandscapeRight";
				LD_RUNPATH_SEARCH_PATHS = (
					"$(inherited)",
					"@executable_path/Frameworks",
				);
				MARKETING_VERSION = 1.0;
				PRODUCT_BUNDLE_IDENTIFIER = com.augmentedcode.LabelledDataExplorer;
				PRODUCT_NAME = "$(TARGET_NAME)";
				SWIFT_EMIT_LOC_STRINGS = YES;
				SWIFT_VERSION = 5.0;
				TARGETED_DEVICE_FAMILY = "1,2";
			};
			name = Debug;
		};
		C8F187622B0F3A380064FA73 /* Release */ = {
			isa = XCBuildConfiguration;
			buildSettings = {
				ASSETCATALOG_COMPILER_APPICON_NAME = AppIcon;
				ASSETCATALOG_COMPILER_GLOBAL_ACCENT_COLOR_NAME = AccentColor;
				CODE_SIGN_STYLE = Automatic;
				CURRENT_PROJECT_VERSION = 1;
				DEVELOPMENT_ASSET_PATHS = "\"LabelledDataExplorer/Preview Content\"";
				DEVELOPMENT_TEAM = XJPC47UM3W;
				ENABLE_PREVIEWS = YES;
				GENERATE_INFOPLIST_FILE = YES;
				INFOPLIST_KEY_UIApplicationSceneManifest_Generation = YES;
				INFOPLIST_KEY_UIApplicationSupportsIndirectInputEvents = YES;
				INFOPLIST_KEY_UILaunchScreen_Generation = YES;
				INFOPLIST_KEY_UISupportedInterfaceOrientations_iPad = "UIInterfaceOrientationPortrait UIInterfaceOrientationPortraitUpsideDown UIInterfaceOrientationLandscapeLeft UIInterfaceOrientationLandscapeRight";
				INFOPLIST_KEY_UISupportedInterfaceOrientations_iPhone = "UIInterfaceOrientationPortrait UIInterfaceOrientationLandscapeLeft UIInterfaceOrientationLandscapeRight";
				LD_RUNPATH_SEARCH_PATHS = (
					"$(inherited)",
					"@executable_path/Frameworks",
				);
				MARKETING_VERSION = 1.0;
				PRODUCT_BUNDLE_IDENTIFIER = com.augmentedcode.LabelledDataExplorer;
				PRODUCT_NAME = "$(TARGET_NAME)";
				SWIFT_EMIT_LOC_STRINGS = YES;
				SWIFT_VERSION = 5.0;
				TARGETED_DEVICE_FAMILY = "1,2";
			};
			name = Release;
		};
		C8F187642B0F3A380064FA73 /* Debug */ = {
			isa = XCBuildConfiguration;
			buildSettings = {
				ALWAYS_EMBED_SWIFT_STANDARD_LIBRARIES = YES;
				BUNDLE_LOADER = "$(TEST_HOST)";
				CODE_SIGN_STYLE = Automatic;
				CURRENT_PROJECT_VERSION = 1;
				DEVELOPMENT_TEAM = XJPC47UM3W;
				GENERATE_INFOPLIST_FILE = YES;
				IPHONEOS_DEPLOYMENT_TARGET = 17.0;
				MARKETING_VERSION = 1.0;
				PRODUCT_BUNDLE_IDENTIFIER = com.augmentedcode.LabelledDataExplorerTests;
				PRODUCT_NAME = "$(TARGET_NAME)";
				SWIFT_EMIT_LOC_STRINGS = NO;
				SWIFT_VERSION = 5.0;
				TARGETED_DEVICE_FAMILY = "1,2";
				TEST_HOST = "$(BUILT_PRODUCTS_DIR)/LabelledDataExplorer.app/$(BUNDLE_EXECUTABLE_FOLDER_PATH)/LabelledDataExplorer";
			};
			name = Debug;
		};
		C8F187652B0F3A380064FA73 /* Release */ = {
			isa = XCBuildConfiguration;
			buildSettings = {
				ALWAYS_EMBED_SWIFT_STANDARD_LIBRARIES = YES;
				BUNDLE_LOADER = "$(TEST_HOST)";
				CODE_SIGN_STYLE = Automatic;
				CURRENT_PROJECT_VERSION = 1;
				DEVELOPMENT_TEAM = XJPC47UM3W;
				GENERATE_INFOPLIST_FILE = YES;
				IPHONEOS_DEPLOYMENT_TARGET = 17.0;
				MARKETING_VERSION = 1.0;
				PRODUCT_BUNDLE_IDENTIFIER = com.augmentedcode.LabelledDataExplorerTests;
				PRODUCT_NAME = "$(TARGET_NAME)";
				SWIFT_EMIT_LOC_STRINGS = NO;
				SWIFT_VERSION = 5.0;
				TARGETED_DEVICE_FAMILY = "1,2";
				TEST_HOST = "$(BUILT_PRODUCTS_DIR)/LabelledDataExplorer.app/$(BUNDLE_EXECUTABLE_FOLDER_PATH)/LabelledDataExplorer";
			};
			name = Release;
		};
		C8F187672B0F3A380064FA73 /* Debug */ = {
			isa = XCBuildConfiguration;
			buildSettings = {
				ALWAYS_EMBED_SWIFT_STANDARD_LIBRARIES = YES;
				CODE_SIGN_STYLE = Automatic;
				CURRENT_PROJECT_VERSION = 1;
				DEVELOPMENT_TEAM = XJPC47UM3W;
				GENERATE_INFOPLIST_FILE = YES;
				MARKETING_VERSION = 1.0;
				PRODUCT_BUNDLE_IDENTIFIER = com.augmentedcode.LabelledDataExplorerUITests;
				PRODUCT_NAME = "$(TARGET_NAME)";
				SWIFT_EMIT_LOC_STRINGS = NO;
				SWIFT_VERSION = 5.0;
				TARGETED_DEVICE_FAMILY = "1,2";
				TEST_TARGET_NAME = LabelledDataExplorer;
			};
			name = Debug;
		};
		C8F187682B0F3A380064FA73 /* Release */ = {
			isa = XCBuildConfiguration;
			buildSettings = {
				ALWAYS_EMBED_SWIFT_STANDARD_LIBRARIES = YES;
				CODE_SIGN_STYLE = Automatic;
				CURRENT_PROJECT_VERSION = 1;
				DEVELOPMENT_TEAM = XJPC47UM3W;
				GENERATE_INFOPLIST_FILE = YES;
				MARKETING_VERSION = 1.0;
				PRODUCT_BUNDLE_IDENTIFIER = com.augmentedcode.LabelledDataExplorerUITests;
				PRODUCT_NAME = "$(TARGET_NAME)";
				SWIFT_EMIT_LOC_STRINGS = NO;
				SWIFT_VERSION = 5.0;
				TARGETED_DEVICE_FAMILY = "1,2";
				TEST_TARGET_NAME = LabelledDataExplorer;
			};
			name = Release;
		};
/* End XCBuildConfiguration section */

/* Begin XCConfigurationList section */
		C8F187372B0F3A370064FA73 /* Build configuration list for PBXProject "LabelledDataExplorer" */ = {
			isa = XCConfigurationList;
			buildConfigurations = (
				C8F1875E2B0F3A380064FA73 /* Debug */,
				C8F1875F2B0F3A380064FA73 /* Release */,
			);
			defaultConfigurationIsVisible = 0;
			defaultConfigurationName = Release;
		};
		C8F187602B0F3A380064FA73 /* Build configuration list for PBXNativeTarget "LabelledDataExplorer" */ = {
			isa = XCConfigurationList;
			buildConfigurations = (
				C8F187612B0F3A380064FA73 /* Debug */,
				C8F187622B0F3A380064FA73 /* Release */,
			);
			defaultConfigurationIsVisible = 0;
			defaultConfigurationName = Release;
		};
		C8F187632B0F3A380064FA73 /* Build configuration list for PBXNativeTarget "LabelledDataExplorerTests" */ = {
			isa = XCConfigurationList;
			buildConfigurations = (
				C8F187642B0F3A380064FA73 /* Debug */,
				C8F187652B0F3A380064FA73 /* Release */,
			);
			defaultConfigurationIsVisible = 0;
			defaultConfigurationName = Release;
		};
		C8F187662B0F3A380064FA73 /* Build configuration list for PBXNativeTarget "LabelledDataExplorerUITests" */ = {
			isa = XCConfigurationList;
			buildConfigurations = (
				C8F187672B0F3A380064FA73 /* Debug */,
				C8F187682B0F3A380064FA73 /* Release */,
			);
			defaultConfigurationIsVisible = 0;
			defaultConfigurationName = Release;
		};
/* End XCConfigurationList section */

/* Begin XCSwiftPackageProductDependency section */
		C874D1CB2B0F52C300E3DD0F /* APIServices */ = {
			isa = XCSwiftPackageProductDependency;
			productName = APIServices;
		};
		C8F187742B0F4E870064FA73 /* DesignSystem */ = {
			isa = XCSwiftPackageProductDependency;
			productName = DesignSystem;
		};
/* End XCSwiftPackageProductDependency section */
	};
	rootObject = C8F187342B0F3A370064FA73 /* Project object */;
}
